
Microsoft Visual Studio Solution File, Format Version 12.00
# Visual Studio 15
VisualStudioVersion = 15.0.26730.15
MinimumVisualStudioVersion = 10.0.40219.1
Project("{FAE04EC0-301F-11D3-BF4B-00C04F79EFBC}") = "ViewNoteWindow", "ViewNoteWindow\ViewNoteWindow.csproj", "{A2E8162D-7AA6-4FE0-A577-392C754B2229}"
EndProject
Project("{FAE04EC0-301F-11D3-BF4B-00C04F79EFBC}") = "DataAccessLayer", "DataAccessLayer\DataAccessLayer.csproj", "{73DAC22E-8FCA-45B8-AE48-992A20E368B3}"
EndProject
Global
	GlobalSection(SolutionConfigurationPlatforms) = preSolution
		Debug|Any CPU = Debug|Any CPU
		Release|Any CPU = Release|Any CPU
	EndGlobalSection
	GlobalSection(ProjectConfigurationPlatforms) = postSolution
		{A2E8162D-7AA6-4FE0-A577-392C754B2229}.Debug|Any CPU.ActiveCfg = Debug|Any CPU
		{A2E8162D-7AA6-4FE0-A577-392C754B2229}.Debug|Any CPU.Build.0 = Debug|Any CPU
		{A2E8162D-7AA6-4FE0-A577-392C754B2229}.Release|Any CPU.ActiveCfg = Release|Any CPU
		{A2E8162D-7AA6-4FE0-A577-392C754B2229}.Release|Any CPU.Build.0 = Release|Any CPU
		{73DAC22E-8FCA-45B8-AE48-992A20E368B3}.Debug|Any CPU.ActiveCfg = Debug|Any CPU
		{73DAC22E-8FCA-45B8-AE48-992A20E368B3}.Debug|Any CPU.Build.0 = Debug|Any CPU
		{73DAC22E-8FCA-45B8-AE48-992A20E368B3}.Release|Any CPU.ActiveCfg = Release|Any CPU
		{73DAC22E-8FCA-45B8-AE48-992A20E368B3}.Release|Any CPU.Build.0 = Release|Any CPU
	EndGlobalSection
	GlobalSection(SolutionProperties) = preSolution
		HideSolutionNode = FALSE
	EndGlobalSection
	GlobalSection(ExtensibilityGlobals) = postSolution
		SolutionGuid = {CF1655F6-5149-41B0-9577-69764BAED98E}
	EndGlobalSection
EndGlobal
